PODS:
  - Kingfisher (7.2.2)
  - Kingfisher/Core (5.15.8)
  - Kingfisher/SwiftUI (5.15.8):
    - Kingfisher/Core

DEPENDENCIES:
  - Kingfisher
  - Kingfisher/SwiftUI

SPEC REPOS:
  trunk:
    - Kingfisher

SPEC CHECKSUMS:
  Kingfisher: a3c03d702433fa6cfedabb2bddbe076fb8f2e902

PODFILE CHECKSUM: 913a718c652beeba3bfecaa8b62f18699c6d7b04

COCOAPODS: 1.11.3
